
Microsoft Visual Studio Solution File, Format Version 12.00
# Visual Studio Version 17
VisualStudioVersion = 17.8.34316.72
MinimumVisualStudioVersion = 10.0.40219.1
Project("{FAE04EC0-301F-11D3-BF4B-00C04F79EFBC}") = "ObjectComparer", "ObjectComparer\ObjectComparer.csproj", "{8FDECCD9-D538-4FFB-9FD6-2DA7C74C6BE3}"
EndProject
Project("{FAE04EC0-301F-11D3-BF4B-00C04F79EFBC}") = "ObjectComparer.Tests", "ObjectComparer.Tests\ObjectComparer.Tests.csproj", "{3D4C6134-FA98-4713-A6D1-1662D8D324BD}"
EndProject
Global
	GlobalSection(SolutionConfigurationPlatforms) = preSolution
		Debug|Any CPU = Debug|Any CPU
		Release|Any CPU = Release|Any CPU
	EndGlobalSection
	GlobalSection(ProjectConfigurationPlatforms) = postSolution
		{8FDECCD9-D538-4FFB-9FD6-2DA7C74C6BE3}.Debug|Any CPU.ActiveCfg = Debug|Any CPU
		{8FDECCD9-D538-4FFB-9FD6-2DA7C74C6BE3}.Debug|Any CPU.Build.0 = Debug|Any CPU
		{8FDECCD9-D538-4FFB-9FD6-2DA7C74C6BE3}.Release|Any CPU.ActiveCfg = Release|Any CPU
		{8FDECCD9-D538-4FFB-9FD6-2DA7C74C6BE3}.Release|Any CPU.Build.0 = Release|Any CPU
		{3D4C6134-FA98-4713-A6D1-1662D8D324BD}.Debug|Any CPU.ActiveCfg = Debug|Any CPU
		{3D4C6134-FA98-4713-A6D1-1662D8D324BD}.Debug|Any CPU.Build.0 = Debug|Any CPU
		{3D4C6134-FA98-4713-A6D1-1662D8D324BD}.Release|Any CPU.ActiveCfg = Release|Any CPU
		{3D4C6134-FA98-4713-A6D1-1662D8D324BD}.Release|Any CPU.Build.0 = Release|Any CPU
	EndGlobalSection
	GlobalSection(SolutionProperties) = preSolution
		HideSolutionNode = FALSE
	EndGlobalSection
	GlobalSection(ExtensibilityGlobals) = postSolution
		SolutionGuid = {DBD86A34-F583-441C-B117-37D16E814129}
	EndGlobalSection
EndGlobal
